#MicroXplorer Configuration settings - do not modify
#Tue Nov 25 11:52:30 EET 2014
File.Version=4
KeepUserPlacement=false
Mcu.Family=STM32F4
Mcu.IP0=NVIC
Mcu.IP1=RCC
Mcu.IP2=USART1
Mcu.IPNb=3
Mcu.Name=STM32F407V(E-G)Tx
Mcu.Package=LQFP100
Mcu.Pin0=PA9
Mcu.Pin1=PA10
Mcu.PinsNb=2
Mcu.UserName=STM32F407VGTx
NVIC.PriorityGroup=NVIC_PRIORITYGROUP_0
NVIC.SysTick_IRQn=true\:0\:0
NVIC.USART1_IRQn=true\:0\:0
PA10.GPIOParameters=GPIO_Speed,GPIO_PuPd,GPIO_Mode
PA10.GPIO_Mode=GPIO_MODE_AF_PP
PA10.GPIO_PuPd=GPIO_PULLUP
PA10.GPIO_Speed=GPIO_SPEED_FAST
PA10.Locked=true
PA10.Mode=Asynchronous
PA10.Signal=USART1_RX
PA9.GPIOParameters=GPIO_Speed,GPIO_PuPd,GPIO_Mode
PA9.GPIO_Mode=GPIO_MODE_AF_PP
PA9.GPIO_PuPd=GPIO_PULLUP
PA9.GPIO_Speed=GPIO_SPEED_FAST
PA9.Locked=true
PA9.Mode=Asynchronous
PA9.Signal=USART1_TX
PCC.Family=STM32F4
PCC.MCU=STM32F407V(E-G)Tx
PCC.MXVersion=4.3.1
PCC.PartNumber=STM32F407VGTx
PCC.Seq0=0
PCC.SubFamily=STM32F407/417
PCC.Temperature=25
PCC.Vdd=3.3
ProjectManager.AskForMigrate=true
ProjectManager.BackupPrevious=false
ProjectManager.CompilerOptimize=2
ProjectManager.ComputerToolchain=false
ProjectManager.CoupleFile=true
ProjectManager.DeletePrevious=true
ProjectManager.DeviceId=STM32F407VGTx
ProjectManager.FirmwarePackage=STM32Cube FW_F4 V1.3.0
ProjectManager.FreePins=false
ProjectManager.HalAssertFull=false
ProjectManager.KeepUserCode=true
ProjectManager.LastFirmware=true
ProjectManager.LibraryCopy=1
ProjectManager.ProjectBuild=false
ProjectManager.ProjectFileName=usart.ioc
ProjectManager.ProjectName=usart
ProjectManager.TargetToolchain=MDK-ARM 4.73
RCC.FamilyName=M
RCC.HSE_VALUE=25000000
RCC.HSI_VALUE=16000000
RCC.IPParameters=,VcooutputI2S,LSI_VALUE,FamilyName,LSE_VALUE,HSE_VALUE,HSI_VALUE
RCC.LSE_VALUE=32768
RCC.LSI_VALUE=32000
RCC.VcooutputI2S=96000000
